{
  "name": "poc-fernet-aes-crypto",
  "lockfileVersion": 3,
  "requires": true,
  "packages": {
    "": {
      "dependencies": {
        "fernet-nodejs": "^1.0.6"
      }
    },
    "node_modules/fernet-nodejs": {
      "version": "1.0.6",
      "resolved": "https://registry.npmjs.org/fernet-nodejs/-/fernet-nodejs-1.0.6.tgz",
      "integrity": "sha512-KXh8DfPm3kWP3lR4dyiUfS4vs/dVTNB836+qQnLVXIUfI3+irGSRXDstfSDlUVqe2xDrcb0epiCh2SEBOySrtA=="
    }
  }
}
